
Microsoft Visual Studio Solution File, Format Version 12.00
# Visual Studio 15
VisualStudioVersion = 15.0.26430.6
MinimumVisualStudioVersion = 10.0.40219.1
Project("{FAE04EC0-301F-11D3-BF4B-00C04F79EFBC}") = "CodeWars", "CodeWars\CodeWars.csproj", "{9D5A85D6-F060-4263-803B-F1CE872BBE1D}"
EndProject
Project("{FAE04EC0-301F-11D3-BF4B-00C04F79EFBC}") = "CodeWars2", "CodeWars2\CodeWars2.csproj", "{25723C09-1892-4777-9CD6-5C2A18E801C9}"
EndProject
Global
	GlobalSection(SolutionConfigurationPlatforms) = preSolution
		Debug|Any CPU = Debug|Any CPU
		Release|Any CPU = Release|Any CPU
	EndGlobalSection
	GlobalSection(ProjectConfigurationPlatforms) = postSolution
		{9D5A85D6-F060-4263-803B-F1CE872BBE1D}.Debug|Any CPU.ActiveCfg = Debug|Any CPU
		{9D5A85D6-F060-4263-803B-F1CE872BBE1D}.Debug|Any CPU.Build.0 = Debug|Any CPU
		{9D5A85D6-F060-4263-803B-F1CE872BBE1D}.Release|Any CPU.ActiveCfg = Release|Any CPU
		{9D5A85D6-F060-4263-803B-F1CE872BBE1D}.Release|Any CPU.Build.0 = Release|Any CPU
		{25723C09-1892-4777-9CD6-5C2A18E801C9}.Debug|Any CPU.ActiveCfg = Debug|Any CPU
		{25723C09-1892-4777-9CD6-5C2A18E801C9}.Debug|Any CPU.Build.0 = Debug|Any CPU
		{25723C09-1892-4777-9CD6-5C2A18E801C9}.Release|Any CPU.ActiveCfg = Release|Any CPU
		{25723C09-1892-4777-9CD6-5C2A18E801C9}.Release|Any CPU.Build.0 = Release|Any CPU
	EndGlobalSection
	GlobalSection(SolutionProperties) = preSolution
		HideSolutionNode = FALSE
	EndGlobalSection
EndGlobal
